
Microsoft Visual Studio Solution File, Format Version 12.00
# Visual Studio Version 17
VisualStudioVersion = 17.4.33110.190
MinimumVisualStudioVersion = 10.0.40219.1
Project("{FAE04EC0-301F-11D3-BF4B-00C04F79EFBC}") = "webPizzeria", "webPizzeria\webPizzeria.csproj", "{AF0E0F17-B8EC-4947-96F9-F7C2BD8CA168}"
EndProject
Global
	GlobalSection(SolutionConfigurationPlatforms) = preSolution
		Debug|Any CPU = Debug|Any CPU
		Release|Any CPU = Release|Any CPU
	EndGlobalSection
	GlobalSection(ProjectConfigurationPlatforms) = postSolution
		{AF0E0F17-B8EC-4947-96F9-F7C2BD8CA168}.Debug|Any CPU.ActiveCfg = Debug|Any CPU
		{AF0E0F17-B8EC-4947-96F9-F7C2BD8CA168}.Debug|Any CPU.Build.0 = Debug|Any CPU
		{AF0E0F17-B8EC-4947-96F9-F7C2BD8CA168}.Release|Any CPU.ActiveCfg = Release|Any CPU
		{AF0E0F17-B8EC-4947-96F9-F7C2BD8CA168}.Release|Any CPU.Build.0 = Release|Any CPU
	EndGlobalSection
	GlobalSection(SolutionProperties) = preSolution
		HideSolutionNode = FALSE
	EndGlobalSection
	GlobalSection(ExtensibilityGlobals) = postSolution
		SolutionGuid = {BD840469-5759-49EE-ADB7-D467FDFEE06C}
	EndGlobalSection
EndGlobal
